// !$*UTF8*$!
{
	archiveVersion = 1;
	classes = {
	};
	objectVersion = 46;
	objects = {

/* Begin PBXBuildFile section */
		7F1941F31ADD694500647CC9 /* AppDelegate.swift in Sources */ = {isa = PBXBuildFile; fileRef = 7F1941F21ADD694500647CC9 /* AppDelegate.swift */; };
		7F1941F81ADD694500647CC9 /* Main.storyboard in Resources */ = {isa = PBXBuildFile; fileRef = 7F1941F61ADD694500647CC9 /* Main.storyboard */; };
		7F1941FA1ADD694500647CC9 /* Images.xcassets in Resources */ = {isa = PBXBuildFile; fileRef = 7F1941F91ADD694500647CC9 /* Images.xcassets */; };
		7F1941FD1ADD694500647CC9 /* LaunchScreen.xib in Resources */ = {isa = PBXBuildFile; fileRef = 7F1941FB1ADD694500647CC9 /* LaunchScreen.xib */; };
		7F1942091ADD694500647CC9 /* iEnigmaTests.swift in Sources */ = {isa = PBXBuildFile; fileRef = 7F1942081ADD694500647CC9 /* iEnigmaTests.swift */; };
		7F3290D51AE94EF900215398 /* BombeDrumButton.swift in Sources */ = {isa = PBXBuildFile; fileRef = 7F3290D41AE94EF900215398 /* BombeDrumButton.swift */; };
		7F3290DB1AE9955000215398 /* BombeSettingViewController.swift in Sources */ = {isa = PBXBuildFile; fileRef = 7F3290DA1AE9955000215398 /* BombeSettingViewController.swift */; };
		7F3290DD1AEAA8B200215398 /* Sequences.swift in Sources */ = {isa = PBXBuildFile; fileRef = 7F3290DC1AEAA8B200215398 /* Sequences.swift */; };
		7F3290DE1AEAD09C00215398 /* Sequences.swift in Sources */ = {isa = PBXBuildFile; fileRef = 7F3290DC1AEAA8B200215398 /* Sequences.swift */; };
		7F3290DF1AEAD0D500215398 /* EnigmaSettings.swift in Sources */ = {isa = PBXBuildFile; fileRef = 7FF3BC951ADFD97A0097D09A /* EnigmaSettings.swift */; };
		7F3290E11AEAD35000215398 /* BombeLoadingViewController.swift in Sources */ = {isa = PBXBuildFile; fileRef = 7F3290E01AEAD35000215398 /* BombeLoadingViewController.swift */; };
		7F8626AC1AEC01B900857EB1 /* BombeEnigmaDetailsTableViewController.swift in Sources */ = {isa = PBXBuildFile; fileRef = 7F8626AB1AEC01B900857EB1 /* BombeEnigmaDetailsTableViewController.swift */; };
		7F8626AE1AEC1C5E00857EB1 /* EnigmaDisplayer.swift in Sources */ = {isa = PBXBuildFile; fileRef = 7F8626AD1AEC1C5E00857EB1 /* EnigmaDisplayer.swift */; };
		7FA34E121AE29108009B36D1 /* EnigmaRotorLayer.swift in Sources */ = {isa = PBXBuildFile; fileRef = 7FA34E111AE29108009B36D1 /* EnigmaRotorLayer.swift */; };
		7FA34E141AE29906009B36D1 /* EnigmaRotorPositionButton.swift in Sources */ = {isa = PBXBuildFile; fileRef = 7FA34E131AE29906009B36D1 /* EnigmaRotorPositionButton.swift */; };
		7FA34E161AE299F9009B36D1 /* EnigmaButton.swift in Sources */ = {isa = PBXBuildFile; fileRef = 7FA34E151AE299F9009B36D1 /* EnigmaButton.swift */; };
		7FA34E1B1AE3C9A6009B36D1 /* EnimgaPlugboardSettingsView.swift in Sources */ = {isa = PBXBuildFile; fileRef = 7FA34E1A1AE3C9A6009B36D1 /* EnimgaPlugboardSettingsView.swift */; };
		7FA34E1D1AE3C9D8009B36D1 /* EnimgaPlugboardButton.swift in Sources */ = {isa = PBXBuildFile; fileRef = 7FA34E1C1AE3C9D8009B36D1 /* EnimgaPlugboardButton.swift */; };
		7FCAFAF31ADEDF0D00554D64 /* EnigmaConstants.swift in Sources */ = {isa = PBXBuildFile; fileRef = 7FCAFAF21ADEDF0D00554D64 /* EnigmaConstants.swift */; };
		7FCAFAF61ADEE41300554D64 /* EnigmaKeyboardView.swift in Sources */ = {isa = PBXBuildFile; fileRef = 7FCAFAF51ADEE41300554D64 /* EnigmaKeyboardView.swift */; };
		7FCAFAF81ADEE60800554D64 /* EnigmaKeyboardKey.swift in Sources */ = {isa = PBXBuildFile; fileRef = 7FCAFAF71ADEE60800554D64 /* EnigmaKeyboardKey.swift */; };
		7FCAFAFB1ADF003600554D64 /* EnigmaViewController.swift in Sources */ = {isa = PBXBuildFile; fileRef = 7FCAFAFA1ADF003600554D64 /* EnigmaViewController.swift */; };
		7FCAFB031ADF0CFC00554D64 /* Enigma.swift in Sources */ = {isa = PBXBuildFile; fileRef = 7FCAFAFC1ADF0CFC00554D64 /* Enigma.swift */; };
		7FCAFB041ADF0CFC00554D64 /* Plugboard.swift in Sources */ = {isa = PBXBuildFile; fileRef = 7FCAFAFD1ADF0CFC00554D64 /* Plugboard.swift */; };
		7FCAFB051ADF0CFC00554D64 /* Rotor.swift in Sources */ = {isa = PBXBuildFile; fileRef = 7FCAFAFE1ADF0CFC00554D64 /* Rotor.swift */; };
		7FCAFB061ADF0CFC00554D64 /* Reflector.swift in Sources */ = {isa = PBXBuildFile; fileRef = 7FCAFAFF1ADF0CFC00554D64 /* Reflector.swift */; };
		7FCAFB071ADF0CFC00554D64 /* Bombe.swift in Sources */ = {isa = PBXBuildFile; fileRef = 7FCAFB001ADF0CFC00554D64 /* Bombe.swift */; };
		7FCAFB091ADF0CFC00554D64 /* PlugboardBombe.swift in Sources */ = {isa = PBXBuildFile; fileRef = 7FCAFB021ADF0CFC00554D64 /* PlugboardBombe.swift */; };
		7FCAFB0A1ADF0D8500554D64 /* Enigma.swift in Sources */ = {isa = PBXBuildFile; fileRef = 7FCAFAFC1ADF0CFC00554D64 /* Enigma.swift */; };
		7FCAFB0B1ADF0D8500554D64 /* Plugboard.swift in Sources */ = {isa = PBXBuildFile; fileRef = 7FCAFAFD1ADF0CFC00554D64 /* Plugboard.swift */; };
		7FCAFB0C1ADF0D8500554D64 /* Rotor.swift in Sources */ = {isa = PBXBuildFile; fileRef = 7FCAFAFE1ADF0CFC00554D64 /* Rotor.swift */; };
		7FCAFB0D1ADF0D8500554D64 /* Reflector.swift in Sources */ = {isa = PBXBuildFile; fileRef = 7FCAFAFF1ADF0CFC00554D64 /* Reflector.swift */; };
		7FCAFB0E1ADF0D8500554D64 /* Bombe.swift in Sources */ = {isa = PBXBuildFile; fileRef = 7FCAFB001ADF0CFC00554D64 /* Bombe.swift */; };
		7FCAFB101ADF0D8500554D64 /* PlugboardBombe.swift in Sources */ = {isa = PBXBuildFile; fileRef = 7FCAFB021ADF0CFC00554D64 /* PlugboardBombe.swift */; };
		7FD4B41F1AEC46F3007A62C5 /* ZoomAnimator.swift in Sources */ = {isa = PBXBuildFile; fileRef = 7FD4B41E1AEC46F3007A62C5 /* ZoomAnimator.swift */; };
		7FD4B4211AEC577F007A62C5 /* HomeViewController.swift in Sources */ = {isa = PBXBuildFile; fileRef = 7FD4B4201AEC577F007A62C5 /* HomeViewController.swift */; };
		7FD4B4231AECF6AF007A62C5 /* AboutViewController.swift in Sources */ = {isa = PBXBuildFile; fileRef = 7FD4B4221AECF6AF007A62C5 /* AboutViewController.swift */; };
		7FDF5F671AE5980E00819A3D /* EnigmaFillingSubviewView.swift in Sources */ = {isa = PBXBuildFile; fileRef = 7FDF5F661AE5980E00819A3D /* EnigmaFillingSubviewView.swift */; };
		7FDF5F691AE598E300819A3D /* EnigmaReflectorButton.swift in Sources */ = {isa = PBXBuildFile; fileRef = 7FDF5F681AE598E300819A3D /* EnigmaReflectorButton.swift */; };
		7FDF5F6B1AE59B2B00819A3D /* EnigmaReflectorSettingView.swift in Sources */ = {isa = PBXBuildFile; fileRef = 7FDF5F6A1AE59B2B00819A3D /* EnigmaReflectorSettingView.swift */; };
		7FDF5F6D1AE6A2B800819A3D /* EnigmaRotorSettingButton.swift in Sources */ = {isa = PBXBuildFile; fileRef = 7FDF5F6C1AE6A2B800819A3D /* EnigmaRotorSettingButton.swift */; };
		7FDF5F6F1AE6D2D000819A3D /* EnigmaRotorSettingView.swift in Sources */ = {isa = PBXBuildFile; fileRef = 7FDF5F6E1AE6D2D000819A3D /* EnigmaRotorSettingView.swift */; };
		7FE9FEB71AE04FC300422A23 /* EnigmaRotorPositionView.swift in Sources */ = {isa = PBXBuildFile; fileRef = 7FE9FEB61AE04FC300422A23 /* EnigmaRotorPositionView.swift */; };
		7FF3BC961ADFD97A0097D09A /* EnigmaSettings.swift in Sources */ = {isa = PBXBuildFile; fileRef = 7FF3BC951ADFD97A0097D09A /* EnigmaSettings.swift */; };
		7FF5DB361AEBBA9C002AE024 /* BombeDrumLayer.swift in Sources */ = {isa = PBXBuildFile; fileRef = 7FF5DB351AEBBA9C002AE024 /* BombeDrumLayer.swift */; };
/* End PBXBuildFile section */

/* Begin PBXContainerItemProxy section */
		7F1942031ADD694500647CC9 /* PBXContainerItemProxy */ = {
			isa = PBXContainerItemProxy;
			containerPortal = 7F1941E51ADD694500647CC9 /* Project object */;
			proxyType = 1;
			remoteGlobalIDString = 7F1941EC1ADD694500647CC9;
			remoteInfo = iEnigma;
		};
/* End PBXContainerItemProxy section */

/* Begin PBXFileReference section */
		7F1941ED1ADD694500647CC9 /* iEnigma.app */ = {isa = PBXFileReference; explicitFileType = wrapper.application; includeInIndex = 0; path = iEnigma.app; sourceTree = BUILT_PRODUCTS_DIR; };
		7F1941F11ADD694500647CC9 /* Info.plist */ = {isa = PBXFileReference; lastKnownFileType = text.plist.xml; path = Info.plist; sourceTree = "<group>"; };
		7F1941F21ADD694500647CC9 /* AppDelegate.swift */ = {isa = PBXFileReference; lastKnownFileType = sourcecode.swift; path = AppDelegate.swift; sourceTree = "<group>"; };
		7F1941F71ADD694500647CC9 /* Base */ = {isa = PBXFileReference; lastKnownFileType = file.storyboard; name = Base; path = Base.lproj/Main.storyboard; sourceTree = "<group>"; };
		7F1941F91ADD694500647CC9 /* Images.xcassets */ = {isa = PBXFileReference; lastKnownFileType = folder.assetcatalog; path = Images.xcassets; sourceTree = "<group>"; };
		7F1941FC1ADD694500647CC9 /* Base */ = {isa = PBXFileReference; lastKnownFileType = file.xib; name = Base; path = Base.lproj/LaunchScreen.xib; sourceTree = "<group>"; };
		7F1942021ADD694500647CC9 /* iEnigmaTests.xctest */ = {isa = PBXFileReference; explicitFileType = wrapper.cfbundle; includeInIndex = 0; path = iEnigmaTests.xctest; sourceTree = BUILT_PRODUCTS_DIR; };
		7F1942071ADD694500647CC9 /* Info.plist */ = {isa = PBXFileReference; lastKnownFileType = text.plist.xml; path = Info.plist; sourceTree = "<group>"; };
		7F1942081ADD694500647CC9 /* iEnigmaTests.swift */ = {isa = PBXFileReference; lastKnownFileType = sourcecode.swift; path = iEnigmaTests.swift; sourceTree = "<group>"; };
		7F3290D41AE94EF900215398 /* BombeDrumButton.swift */ = {isa = PBXFileReference; fileEncoding = 4; lastKnownFileType = sourcecode.swift; path = BombeDrumButton.swift; sourceTree = "<group>"; };
		7F3290DA1AE9955000215398 /* BombeSettingViewController.swift */ = {isa = PBXFileReference; fileEncoding = 4; lastKnownFileType = sourcecode.swift; path = BombeSettingViewController.swift; sourceTree = "<group>"; };
		7F3290DC1AEAA8B200215398 /* Sequences.swift */ = {isa = PBXFileReference; fileEncoding = 4; lastKnownFileType = sourcecode.swift; path = Sequences.swift; sourceTree = "<group>"; };
		7F3290E01AEAD35000215398 /* BombeLoadingViewController.swift */ = {isa = PBXFileReference; fileEncoding = 4; lastKnownFileType = sourcecode.swift; path = BombeLoadingViewController.swift; sourceTree = "<group>"; };
		7F8626AB1AEC01B900857EB1 /* BombeEnigmaDetailsTableViewController.swift */ = {isa = PBXFileReference; fileEncoding = 4; lastKnownFileType = sourcecode.swift; path = BombeEnigmaDetailsTableViewController.swift; sourceTree = "<group>"; };
		7F8626AD1AEC1C5E00857EB1 /* EnigmaDisplayer.swift */ = {isa = PBXFileReference; fileEncoding = 4; lastKnownFileType = sourcecode.swift; path = EnigmaDisplayer.swift; sourceTree = "<group>"; };
		7FA34E111AE29108009B36D1 /* EnigmaRotorLayer.swift */ = {isa = PBXFileReference; fileEncoding = 4; lastKnownFileType = sourcecode.swift; path = EnigmaRotorLayer.swift; sourceTree = "<group>"; };
		7FA34E131AE29906009B36D1 /* EnigmaRotorPositionButton.swift */ = {isa = PBXFileReference; fileEncoding = 4; lastKnownFileType = sourcecode.swift; path = EnigmaRotorPositionButton.swift; sourceTree = "<group>"; };
		7FA34E151AE299F9009B36D1 /* EnigmaButton.swift */ = {isa = PBXFileReference; fileEncoding = 4; lastKnownFileType = sourcecode.swift; path = EnigmaButton.swift; sourceTree = "<group>"; };
		7FA34E1A1AE3C9A6009B36D1 /* EnimgaPlugboardSettingsView.swift */ = {isa = PBXFileReference; fileEncoding = 4; lastKnownFileType = sourcecode.swift; path = EnimgaPlugboardSettingsView.swift; sourceTree = "<group>"; };
		7FA34E1C1AE3C9D8009B36D1 /* EnimgaPlugboardButton.swift */ = {isa = PBXFileReference; fileEncoding = 4; lastKnownFileType = sourcecode.swift; path = EnimgaPlugboardButton.swift; sourceTree = "<group>"; };
		7FCAFAF21ADEDF0D00554D64 /* EnigmaConstants.swift */ = {isa = PBXFileReference; fileEncoding = 4; lastKnownFileType = sourcecode.swift; path = EnigmaConstants.swift; sourceTree = "<group>"; };
		7FCAFAF51ADEE41300554D64 /* EnigmaKeyboardView.swift */ = {isa = PBXFileReference; fileEncoding = 4; lastKnownFileType = sourcecode.swift; path = EnigmaKeyboardView.swift; sourceTree = "<group>"; };
		7FCAFAF71ADEE60800554D64 /* EnigmaKeyboardKey.swift */ = {isa = PBXFileReference; fileEncoding = 4; lastKnownFileType = sourcecode.swift; path = EnigmaKeyboardKey.swift; sourceTree = "<group>"; };
		7FCAFAFA1ADF003600554D64 /* EnigmaViewController.swift */ = {isa = PBXFileReference; fileEncoding = 4; lastKnownFileType = sourcecode.swift; path = EnigmaViewController.swift; sourceTree = "<group>"; };
		7FCAFAFC1ADF0CFC00554D64 /* Enigma.swift */ = {isa = PBXFileReference; fileEncoding = 4; lastKnownFileType = sourcecode.swift; path = Enigma.swift; sourceTree = "<group>"; };
		7FCAFAFD1ADF0CFC00554D64 /* Plugboard.swift */ = {isa = PBXFileReference; fileEncoding = 4; lastKnownFileType = sourcecode.swift; path = Plugboard.swift; sourceTree = "<group>"; };
		7FCAFAFE1ADF0CFC00554D64 /* Rotor.swift */ = {isa = PBXFileReference; fileEncoding = 4; lastKnownFileType = sourcecode.swift; path = Rotor.swift; sourceTree = "<group>"; };
		7FCAFAFF1ADF0CFC00554D64 /* Reflector.swift */ = {isa = PBXFileReference; fileEncoding = 4; lastKnownFileType = sourcecode.swift; path = Reflector.swift; sourceTree = "<group>"; };
		7FCAFB001ADF0CFC00554D64 /* Bombe.swift */ = {isa = PBXFileReference; fileEncoding = 4; lastKnownFileType = sourcecode.swift; path = Bombe.swift; sourceTree = "<group>"; };
		7FCAFB021ADF0CFC00554D64 /* PlugboardBombe.swift */ = {isa = PBXFileReference; fileEncoding = 4; lastKnownFileType = sourcecode.swift; path = PlugboardBombe.swift; sourceTree = "<group>"; };
		7FD4B41E1AEC46F3007A62C5 /* ZoomAnimator.swift */ = {isa = PBXFileReference; fileEncoding = 4; lastKnownFileType = sourcecode.swift; path = ZoomAnimator.swift; sourceTree = "<group>"; };
		7FD4B4201AEC577F007A62C5 /* HomeViewController.swift */ = {isa = PBXFileReference; fileEncoding = 4; lastKnownFileType = sourcecode.swift; path = HomeViewController.swift; sourceTree = "<group>"; };
		7FD4B4221AECF6AF007A62C5 /* AboutViewController.swift */ = {isa = PBXFileReference; fileEncoding = 4; lastKnownFileType = sourcecode.swift; path = AboutViewController.swift; sourceTree = "<group>"; };
		7FDF5F661AE5980E00819A3D /* EnigmaFillingSubviewView.swift */ = {isa = PBXFileReference; fileEncoding = 4; lastKnownFileType = sourcecode.swift; path = EnigmaFillingSubviewView.swift; sourceTree = "<group>"; };
		7FDF5F681AE598E300819A3D /* EnigmaReflectorButton.swift */ = {isa = PBXFileReference; fileEncoding = 4; lastKnownFileType = sourcecode.swift; path = EnigmaReflectorButton.swift; sourceTree = "<group>"; };
		7FDF5F6A1AE59B2B00819A3D /* EnigmaReflectorSettingView.swift */ = {isa = PBXFileReference; fileEncoding = 4; lastKnownFileType = sourcecode.swift; path = EnigmaReflectorSettingView.swift; sourceTree = "<group>"; };
		7FDF5F6C1AE6A2B800819A3D /* EnigmaRotorSettingButton.swift */ = {isa = PBXFileReference; fileEncoding = 4; lastKnownFileType = sourcecode.swift; path = EnigmaRotorSettingButton.swift; sourceTree = "<group>"; };
		7FDF5F6E1AE6D2D000819A3D /* EnigmaRotorSettingView.swift */ = {isa = PBXFileReference; fileEncoding = 4; lastKnownFileType = sourcecode.swift; path = EnigmaRotorSettingView.swift; sourceTree = "<group>"; };
		7FE9FEB61AE04FC300422A23 /* EnigmaRotorPositionView.swift */ = {isa = PBXFileReference; fileEncoding = 4; lastKnownFileType = sourcecode.swift; path = EnigmaRotorPositionView.swift; sourceTree = "<group>"; };
		7FF3BC951ADFD97A0097D09A /* EnigmaSettings.swift */ = {isa = PBXFileReference; fileEncoding = 4; lastKnownFileType = sourcecode.swift; path = EnigmaSettings.swift; sourceTree = "<group>"; };
		7FF5DB351AEBBA9C002AE024 /* BombeDrumLayer.swift */ = {isa = PBXFileReference; fileEncoding = 4; lastKnownFileType = sourcecode.swift; path = BombeDrumLayer.swift; sourceTree = "<group>"; };
/* End PBXFileReference section */

/* Begin PBXFrameworksBuildPhase section */
		7F1941EA1ADD694500647CC9 /* Frameworks */ = {
			isa = PBXFrameworksBuildPhase;
			buildActionMask = 2147483647;
			files = (
			);
			runOnlyForDeploymentPostprocessing = 0;
		};
		7F1941FF1ADD694500647CC9 /* Frameworks */ = {
			isa = PBXFrameworksBuildPhase;
			buildActionMask = 2147483647;
			files = (
			);
			runOnlyForDeploymentPostprocessing = 0;
		};
/* End PBXFrameworksBuildPhase section */

/* Begin PBXGroup section */
		7F1941E41ADD694500647CC9 = {
			isa = PBXGroup;
			children = (
				7F1941EF1ADD694500647CC9 /* iEnigma */,
				7F1942051ADD694500647CC9 /* iEnigmaTests */,
				7F1941EE1ADD694500647CC9 /* Products */,
			);
			sourceTree = "<group>";
		};
		7F1941EE1ADD694500647CC9 /* Products */ = {
			isa = PBXGroup;
			children = (
				7F1941ED1ADD694500647CC9 /* iEnigma.app */,
				7F1942021ADD694500647CC9 /* iEnigmaTests.xctest */,
			);
			name = Products;
			sourceTree = "<group>";
		};
		7F1941EF1ADD694500647CC9 /* iEnigma */ = {
			isa = PBXGroup;
			children = (
				7FF3BC981ADFD9C30097D09A /* Interface */,
				7FCAFAF91ADF002300554D64 /* ViewController */,
				7FCAFAF41ADEE3F300554D64 /* Views */,
				7FF3BC971ADFD9BB0097D09A /* Helper */,
				7FCAFB111ADF0D9100554D64 /* Enigma */,
				7FCAFB121ADF0D9C00554D64 /* Bombe */,
				7F1941F01ADD694500647CC9 /* Supporting Files */,
			);
			path = iEnigma;
			sourceTree = "<group>";
		};
		7F1941F01ADD694500647CC9 /* Supporting Files */ = {
			isa = PBXGroup;
			children = (
				7F1941F21ADD694500647CC9 /* AppDelegate.swift */,
				7F1941F11ADD694500647CC9 /* Info.plist */,
			);
			name = "Supporting Files";
			sourceTree = "<group>";
		};
		7F1942051ADD694500647CC9 /* iEnigmaTests */ = {
			isa = PBXGroup;
			children = (
				7F1942081ADD694500647CC9 /* iEnigmaTests.swift */,
				7F1942061ADD694500647CC9 /* Supporting Files */,
			);
			path = iEnigmaTests;
			sourceTree = "<group>";
		};
		7F1942061ADD694500647CC9 /* Supporting Files */ = {
			isa = PBXGroup;
			children = (
				7F1942071ADD694500647CC9 /* Info.plist */,
			);
			name = "Supporting Files";
			sourceTree = "<group>";
		};
		7F3290CE1AE94E5500215398 /* Enimga */ = {
			isa = PBXGroup;
			children = (
				7F3290CF1AE94E6900215398 /* Keyboard */,
				7F3290D01AE94E7A00215398 /* Rotor */,
				7F3290D11AE94E8200215398 /* Plugboard */,
				7F3290D21AE94E8800215398 /* Reflector */,
			);
			name = Enimga;
			sourceTree = "<group>";
		};
		7F3290CF1AE94E6900215398 /* Keyboard */ = {
			isa = PBXGroup;
			children = (
				7FCAFAF51ADEE41300554D64 /* EnigmaKeyboardView.swift */,
				7FCAFAF71ADEE60800554D64 /* EnigmaKeyboardKey.swift */,
			);
			name = Keyboard;
			sourceTree = "<group>";
		};
		7F3290D01AE94E7A00215398 /* Rotor */ = {
			isa = PBXGroup;
			children = (
				7FA34E111AE29108009B36D1 /* EnigmaRotorLayer.swift */,
				7FDF5F6C1AE6A2B800819A3D /* EnigmaRotorSettingButton.swift */,
				7FE9FEB61AE04FC300422A23 /* EnigmaRotorPositionView.swift */,
				7FA34E131AE29906009B36D1 /* EnigmaRotorPositionButton.swift */,
				7FDF5F6E1AE6D2D000819A3D /* EnigmaRotorSettingView.swift */,
			);
			name = Rotor;
			sourceTree = "<group>";
		};
		7F3290D11AE94E8200215398 /* Plugboard */ = {
			isa = PBXGroup;
			children = (
				7FA34E1A1AE3C9A6009B36D1 /* EnimgaPlugboardSettingsView.swift */,
				7FA34E1C1AE3C9D8009B36D1 /* EnimgaPlugboardButton.swift */,
			);
			name = Plugboard;
			sourceTree = "<group>";
		};
		7F3290D21AE94E8800215398 /* Reflector */ = {
			isa = PBXGroup;
			children = (
				7FDF5F6A1AE59B2B00819A3D /* EnigmaReflectorSettingView.swift */,
				7FDF5F681AE598E300819A3D /* EnigmaReflectorButton.swift */,
			);
			name = Reflector;
			sourceTree = "<group>";
		};
		7F3290D31AE94E9400215398 /* Bombe */ = {
			isa = PBXGroup;
			children = (
				7F3290D41AE94EF900215398 /* BombeDrumButton.swift */,
				7FF5DB351AEBBA9C002AE024 /* BombeDrumLayer.swift */,
			);
			name = Bombe;
			sourceTree = "<group>";
		};
		7FCAFAF41ADEE3F300554D64 /* Views */ = {
			isa = PBXGroup;
			children = (
				7FA34E151AE299F9009B36D1 /* EnigmaButton.swift */,
				7FDF5F661AE5980E00819A3D /* EnigmaFillingSubviewView.swift */,
				7F3290CE1AE94E5500215398 /* Enimga */,
				7F3290D31AE94E9400215398 /* Bombe */,
			);
			name = Views;
			sourceTree = "<group>";
		};
		7FCAFAF91ADF002300554D64 /* ViewController */ = {
			isa = PBXGroup;
			children = (
				7FD4B4201AEC577F007A62C5 /* HomeViewController.swift */,
				7FD4B4221AECF6AF007A62C5 /* AboutViewController.swift */,
				7FCAFAFA1ADF003600554D64 /* EnigmaViewController.swift */,
				7F3290DA1AE9955000215398 /* BombeSettingViewController.swift */,
				7F3290E01AEAD35000215398 /* BombeLoadingViewController.swift */,
				7F8626AB1AEC01B900857EB1 /* BombeEnigmaDetailsTableViewController.swift */,
			);
			name = ViewController;
			sourceTree = "<group>";
		};
		7FCAFB111ADF0D9100554D64 /* Enigma */ = {
			isa = PBXGroup;
			children = (
				7FCAFAFC1ADF0CFC00554D64 /* Enigma.swift */,
				7FCAFAFD1ADF0CFC00554D64 /* Plugboard.swift */,
				7FCAFAFE1ADF0CFC00554D64 /* Rotor.swift */,
				7FCAFAFF1ADF0CFC00554D64 /* Reflector.swift */,
			);
			name = Enigma;
			sourceTree = "<group>";
		};
		7FCAFB121ADF0D9C00554D64 /* Bombe */ = {
			isa = PBXGroup;
			children = (
				7FCAFB001ADF0CFC00554D64 /* Bombe.swift */,
				7F3290DC1AEAA8B200215398 /* Sequences.swift */,
				7FCAFB021ADF0CFC00554D64 /* PlugboardBombe.swift */,
			);
			name = Bombe;
			sourceTree = "<group>";
		};
		7FF3BC971ADFD9BB0097D09A /* Helper */ = {
			isa = PBXGroup;
			children = (
				7FCAFAF21ADEDF0D00554D64 /* EnigmaConstants.swift */,
				7FF3BC951ADFD97A0097D09A /* EnigmaSettings.swift */,
				7F8626AD1AEC1C5E00857EB1 /* EnigmaDisplayer.swift */,
				7FD4B41E1AEC46F3007A62C5 /* ZoomAnimator.swift */,
			);
			name = Helper;
			sourceTree = "<group>";
		};
		7FF3BC981ADFD9C30097D09A /* Interface */ = {
			isa = PBXGroup;
			children = (
				7F1941F61ADD694500647CC9 /* Main.storyboard */,
				7F1941F91ADD694500647CC9 /* Images.xcassets */,
				7F1941FB1ADD694500647CC9 /* LaunchScreen.xib */,
			);
			name = Interface;
			sourceTree = "<group>";
		};
/* End PBXGroup section */

/* Begin PBXNativeTarget section */
		7F1941EC1ADD694500647CC9 /* iEnigma */ = {
			isa = PBXNativeTarget;
			buildConfigurationList = 7F19420C1ADD694500647CC9 /* Build configuration list for PBXNativeTarget "iEnigma" */;
			buildPhases = (
				7F1941E91ADD694500647CC9 /* Sources */,
				7F1941EA1ADD694500647CC9 /* Frameworks */,
				7F1941EB1ADD694500647CC9 /* Resources */,
			);
			buildRules = (
			);
			dependencies = (
			);
			name = iEnigma;
			productName = iEnigma;
			productReference = 7F1941ED1ADD694500647CC9 /* iEnigma.app */;
			productType = "com.apple.product-type.application";
		};
		7F1942011ADD694500647CC9 /* iEnigmaTests */ = {
			isa = PBXNativeTarget;
			buildConfigurationList = 7F19420F1ADD694500647CC9 /* Build configuration list for PBXNativeTarget "iEnigmaTests" */;
			buildPhases = (
				7F1941FE1ADD694500647CC9 /* Sources */,
				7F1941FF1ADD694500647CC9 /* Frameworks */,
				7F1942001ADD694500647CC9 /* Resources */,
			);
			buildRules = (
			);
			dependencies = (
				7F1942041ADD694500647CC9 /* PBXTargetDependency */,
			);
			name = iEnigmaTests;
			productName = iEnigmaTests;
			productReference = 7F1942021ADD694500647CC9 /* iEnigmaTests.xctest */;
			productType = "com.apple.product-type.bundle.unit-test";
		};
/* End PBXNativeTarget section */

/* Begin PBXProject section */
		7F1941E51ADD694500647CC9 /* Project object */ = {
			isa = PBXProject;
			attributes = {
				LastUpgradeCheck = 0630;
				ORGANIZATIONNAME = "Leonard Mehlig";
				TargetAttributes = {
					7F1941EC1ADD694500647CC9 = {
						CreatedOnToolsVersion = 6.3;
					};
					7F1942011ADD694500647CC9 = {
						CreatedOnToolsVersion = 6.3;
						TestTargetID = 7F1941EC1ADD694500647CC9;
					};
				};
			};
			buildConfigurationList = 7F1941E81ADD694500647CC9 /* Build configuration list for PBXProject "iEnigma" */;
			compatibilityVersion = "Xcode 3.2";
			developmentRegion = English;
			hasScannedForEncodings = 0;
			knownRegions = (
				en,
				Base,
			);
			mainGroup = 7F1941E41ADD694500647CC9;
			productRefGroup = 7F1941EE1ADD694500647CC9 /* Products */;
			projectDirPath = "";
			projectRoot = "";
			targets = (
				7F1941EC1ADD694500647CC9 /* iEnigma */,
				7F1942011ADD694500647CC9 /* iEnigmaTests */,
			);
		};
/* End PBXProject section */

/* Begin PBXResourcesBuildPhase section */
		7F1941EB1ADD694500647CC9 /* Resources */ = {
			isa = PBXResourcesBuildPhase;
			buildActionMask = 2147483647;
			files = (
				7F1941F81ADD694500647CC9 /* Main.storyboard in Resources */,
				7F1941FD1ADD694500647CC9 /* LaunchScreen.xib in Resources */,
				7F1941FA1ADD694500647CC9 /* Images.xcassets in Resources */,
			);
			runOnlyForDeploymentPostprocessing = 0;
		};
		7F1942001ADD694500647CC9 /* Resources */ = {
			isa = PBXResourcesBuildPhase;
			buildActionMask = 2147483647;
			files = (
			);
			runOnlyForDeploymentPostprocessing = 0;
		};
/* End PBXResourcesBuildPhase section */

/* Begin PBXSourcesBuildPhase section */
		7F1941E91ADD694500647CC9 /* Sources */ = {
			isa = PBXSourcesBuildPhase;
			buildActionMask = 2147483647;
			files = (
				7FCAFB041ADF0CFC00554D64 /* Plugboard.swift in Sources */,
				7FA34E1B1AE3C9A6009B36D1 /* EnimgaPlugboardSettingsView.swift in Sources */,
				7FCAFAFB1ADF003600554D64 /* EnigmaViewController.swift in Sources */,
				7FA34E141AE29906009B36D1 /* EnigmaRotorPositionButton.swift in Sources */,
				7FDF5F691AE598E300819A3D /* EnigmaReflectorButton.swift in Sources */,
				7FD4B4211AEC577F007A62C5 /* HomeViewController.swift in Sources */,
				7FA34E1D1AE3C9D8009B36D1 /* EnimgaPlugboardButton.swift in Sources */,
				7FA34E161AE299F9009B36D1 /* EnigmaButton.swift in Sources */,
				7FCAFAF31ADEDF0D00554D64 /* EnigmaConstants.swift in Sources */,
				7F8626AC1AEC01B900857EB1 /* BombeEnigmaDetailsTableViewController.swift in Sources */,
				7FDF5F6D1AE6A2B800819A3D /* EnigmaRotorSettingButton.swift in Sources */,
				7FDF5F671AE5980E00819A3D /* EnigmaFillingSubviewView.swift in Sources */,
				7FE9FEB71AE04FC300422A23 /* EnigmaRotorPositionView.swift in Sources */,
				7FCAFB031ADF0CFC00554D64 /* Enigma.swift in Sources */,
				7FCAFB051ADF0CFC00554D64 /* Rotor.swift in Sources */,
				7FF5DB361AEBBA9C002AE024 /* BombeDrumLayer.swift in Sources */,
				7F3290E11AEAD35000215398 /* BombeLoadingViewController.swift in Sources */,
				7FCAFAF81ADEE60800554D64 /* EnigmaKeyboardKey.swift in Sources */,
				7FD4B41F1AEC46F3007A62C5 /* ZoomAnimator.swift in Sources */,
				7F8626AE1AEC1C5E00857EB1 /* EnigmaDisplayer.swift in Sources */,
				7FCAFAF61ADEE41300554D64 /* EnigmaKeyboardView.swift in Sources */,
				7FCAFB071ADF0CFC00554D64 /* Bombe.swift in Sources */,
				7FCAFB091ADF0CFC00554D64 /* PlugboardBombe.swift in Sources */,
				7F3290DD1AEAA8B200215398 /* Sequences.swift in Sources */,
				7FA34E121AE29108009B36D1 /* EnigmaRotorLayer.swift in Sources */,
				7FCAFB061ADF0CFC00554D64 /* Reflector.swift in Sources */,
				7FDF5F6B1AE59B2B00819A3D /* EnigmaReflectorSettingView.swift in Sources */,
				7F3290DB1AE9955000215398 /* BombeSettingViewController.swift in Sources */,
				7FD4B4231AECF6AF007A62C5 /* AboutViewController.swift in Sources */,
				7FF3BC961ADFD97A0097D09A /* EnigmaSettings.swift in Sources */,
				7F1941F31ADD694500647CC9 /* AppDelegate.swift in Sources */,
				7FDF5F6F1AE6D2D000819A3D /* EnigmaRotorSettingView.swift in Sources */,
				7F3290D51AE94EF900215398 /* BombeDrumButton.swift in Sources */,
			);
			runOnlyForDeploymentPostprocessing = 0;
		};
		7F1941FE1ADD694500647CC9 /* Sources */ = {
			isa = PBXSourcesBuildPhase;
			buildActionMask = 2147483647;
			files = (
				7FCAFB0C1ADF0D8500554D64 /* Rotor.swift in Sources */,
				7FCAFB0E1ADF0D8500554D64 /* Bombe.swift in Sources */,
				7FCAFB0A1ADF0D8500554D64 /* Enigma.swift in Sources */,
				7FCAFB101ADF0D8500554D64 /* PlugboardBombe.swift in Sources */,
				7F3290DF1AEAD0D500215398 /* EnigmaSettings.swift in Sources */,
				7F1942091ADD694500647CC9 /* iEnigmaTests.swift in Sources */,
				7FCAFB0B1ADF0D8500554D64 /* Plugboard.swift in Sources */,
				7FCAFB0D1ADF0D8500554D64 /* Reflector.swift in Sources */,
				7F3290DE1AEAD09C00215398 /* Sequences.swift in Sources */,
			);
			runOnlyForDeploymentPostprocessing = 0;
		};
/* End PBXSourcesBuildPhase section */

/* Begin PBXTargetDependency section */
		7F1942041ADD694500647CC9 /* PBXTargetDependency */ = {
			isa = PBXTargetDependency;
			target = 7F1941EC1ADD694500647CC9 /* iEnigma */;
			targetProxy = 7F1942031ADD694500647CC9 /* PBXContainerItemProxy */;
		};
/* End PBXTargetDependency section */

/* Begin PBXVariantGroup section */
		7F1941F61ADD694500647CC9 /* Main.storyboard */ = {
			isa = PBXVariantGroup;
			children = (
				7F1941F71ADD694500647CC9 /* Base */,
			);
			name = Main.storyboard;
			sourceTree = "<group>";
		};
		7F1941FB1ADD694500647CC9 /* LaunchScreen.xib */ = {
			isa = PBXVariantGroup;
			children = (
				7F1941FC1ADD694500647CC9 /* Base */,
			);
			name = LaunchScreen.xib;
			sourceTree = "<group>";
		};
/* End PBXVariantGroup section */

/* Begin XCBuildConfiguration section */
		7F19420A1ADD694500647CC9 /* Debug */ = {
			isa = XCBuildConfiguration;
			buildSettings = {
				ALWAYS_SEARCH_USER_PATHS = NO;
				CLANG_CXX_LANGUAGE_STANDARD = "gnu++0x";
				CLANG_CXX_LIBRARY = "libc++";
				CLANG_ENABLE_MODULES = YES;
				CLANG_ENABLE_OBJC_ARC = YES;
				CLANG_WARN_BOOL_CONVERSION = YES;
				CLANG_WARN_CONSTANT_CONVERSION = YES;
				CLANG_WARN_DIRECT_OBJC_ISA_USAGE = YES_ERROR;
				CLANG_WARN_EMPTY_BODY = YES;
				CLANG_WARN_ENUM_CONVERSION = YES;
				CLANG_WARN_INT_CONVERSION = YES;
				CLANG_WARN_OBJC_ROOT_CLASS = YES_ERROR;
				CLANG_WARN_UNREACHABLE_CODE = YES;
				CLANG_WARN__DUPLICATE_METHOD_MATCH = YES;
				"CODE_SIGN_IDENTITY[sdk=iphoneos*]" = "iPhone Developer";
				COPY_PHASE_STRIP = NO;
				DEBUG_INFORMATION_FORMAT = "dwarf-with-dsym";
				ENABLE_STRICT_OBJC_MSGSEND = YES;
				GCC_C_LANGUAGE_STANDARD = gnu99;
				GCC_DYNAMIC_NO_PIC = NO;
				GCC_NO_COMMON_BLOCKS = YES;
				GCC_OPTIMIZATION_LEVEL = 0;
				GCC_PREPROCESSOR_DEFINITIONS = (
					"DEBUG=1",
					"$(inherited)",
				);
				GCC_SYMBOLS_PRIVATE_EXTERN = NO;
				GCC_WARN_64_TO_32_BIT_CONVERSION = YES;
				GCC_WARN_ABOUT_RETURN_TYPE = YES_ERROR;
				GCC_WARN_UNDECLARED_SELECTOR = YES;
				GCC_WARN_UNINITIALIZED_AUTOS = YES_AGGRESSIVE;
				GCC_WARN_UNUSED_FUNCTION = YES;
				GCC_WARN_UNUSED_VARIABLE = YES;
				IPHONEOS_DEPLOYMENT_TARGET = 8.3;
				MTL_ENABLE_DEBUG_INFO = YES;
				ONLY_ACTIVE_ARCH = YES;
				SDKROOT = iphoneos;
				SWIFT_OPTIMIZATION_LEVEL = "-Onone";
				TARGETED_DEVICE_FAMILY = "1,2";
			};
			name = Debug;
		};
		7F19420B1ADD694500647CC9 /* Release */ = {
			isa = XCBuildConfiguration;
			buildSettings = {
				ALWAYS_SEARCH_USER_PATHS = NO;
				CLANG_CXX_LANGUAGE_STANDARD = "gnu++0x";
				CLANG_CXX_LIBRARY = "libc++";
				CLANG_ENABLE_MODULES = YES;
				CLANG_ENABLE_OBJC_ARC = YES;
				CLANG_WARN_BOOL_CONVERSION = YES;
				CLANG_WARN_CONSTANT_CONVERSION = YES;
				CLANG_WARN_DIRECT_OBJC_ISA_USAGE = YES_ERROR;
				CLANG_WARN_EMPTY_BODY = YES;
				CLANG_WARN_ENUM_CONVERSION = YES;
				CLANG_WARN_INT_CONVERSION = YES;
				CLANG_WARN_OBJC_ROOT_CLASS = YES_ERROR;
				CLANG_WARN_UNREACHABLE_CODE = YES;
				CLANG_WARN__DUPLICATE_METHOD_MATCH = YES;
				"CODE_SIGN_IDENTITY[sdk=iphoneos*]" = "iPhone Developer";
				COPY_PHASE_STRIP = NO;
				DEBUG_INFORMATION_FORMAT = "dwarf-with-dsym";
				ENABLE_NS_ASSERTIONS = NO;
				ENABLE_STRICT_OBJC_MSGSEND = YES;
				GCC_C_LANGUAGE_STANDARD = gnu99;
				GCC_NO_COMMON_BLOCKS = YES;
				GCC_WARN_64_TO_32_BIT_CONVERSION = YES;
				GCC_WARN_ABOUT_RETURN_TYPE = YES_ERROR;
				GCC_WARN_UNDECLARED_SELECTOR = YES;
				GCC_WARN_UNINITIALIZED_AUTOS = YES_AGGRESSIVE;
				GCC_WARN_UNUSED_FUNCTION = YES;
				GCC_WARN_UNUSED_VARIABLE = YES;
				IPHONEOS_DEPLOYMENT_TARGET = 8.3;
				MTL_ENABLE_DEBUG_INFO = NO;
				SDKROOT = iphoneos;
				TARGETED_DEVICE_FAMILY = "1,2";
				VALIDATE_PRODUCT = YES;
			};
			name = Release;
		};
		7F19420D1ADD694500647CC9 /* Debug */ = {
			isa = XCBuildConfiguration;
			buildSettings = {
				ASSETCATALOG_COMPILER_APPICON_NAME = AppIcon;
				INFOPLIST_FILE = iEnigma/Info.plist;
				IPHONEOS_DEPLOYMENT_TARGET = 8.0;
				LD_RUNPATH_SEARCH_PATHS = "$(inherited) @executable_path/Frameworks";
				PRODUCT_NAME = iEnigma;
			};
			name = Debug;
		};
		7F19420E1ADD694500647CC9 /* Release */ = {
			isa = XCBuildConfiguration;
			buildSettings = {
				ASSETCATALOG_COMPILER_APPICON_NAME = AppIcon;
				INFOPLIST_FILE = iEnigma/Info.plist;
				IPHONEOS_DEPLOYMENT_TARGET = 8.0;
				LD_RUNPATH_SEARCH_PATHS = "$(inherited) @executable_path/Frameworks";
				PRODUCT_NAME = iEnigma;
			};
			name = Release;
		};
		7F1942101ADD694500647CC9 /* Debug */ = {
			isa = XCBuildConfiguration;
			buildSettings = {
				BUNDLE_LOADER = "$(TEST_HOST)";
				FRAMEWORK_SEARCH_PATHS = (
					"$(SDKROOT)/Developer/Library/Frameworks",
					"$(inherited)",
				);
				GCC_PREPROCESSOR_DEFINITIONS = (
					"DEBUG=1",
					"$(inherited)",
				);
				INFOPLIST_FILE = iEnigmaTests/Info.plist;
				LD_RUNPATH_SEARCH_PATHS = "$(inherited) @executable_path/Frameworks @loader_path/Frameworks";
				PRODUCT_NAME = iEnigmaTests;
				TEST_HOST = "$(BUILT_PRODUCTS_DIR)/iEnigma.app/iEnigma";
			};
			name = Debug;
		};
		7F1942111ADD694500647CC9 /* Release */ = {
			isa = XCBuildConfiguration;
			buildSettings = {
				BUNDLE_LOADER = "$(TEST_HOST)";
				FRAMEWORK_SEARCH_PATHS = (
					"$(SDKROOT)/Developer/Library/Frameworks",
					"$(inherited)",
				);
				INFOPLIST_FILE = iEnigmaTests/Info.plist;
				LD_RUNPATH_SEARCH_PATHS = "$(inherited) @executable_path/Frameworks @loader_path/Frameworks";
				PRODUCT_NAME = iEnigmaTests;
				TEST_HOST = "$(BUILT_PRODUCTS_DIR)/iEnigma.app/iEnigma";
			};
			name = Release;
		};
/* End XCBuildConfiguration section */

/* Begin XCConfigurationList section */
		7F1941E81ADD694500647CC9 /* Build configuration list for PBXProject "iEnigma" */ = {
			isa = XCConfigurationList;
			buildConfigurations = (
				7F19420A1ADD694500647CC9 /* Debug */,
				7F19420B1ADD694500647CC9 /* Release */,
			);
			defaultConfigurationIsVisible = 0;
			defaultConfigurationName = Release;
		};
		7F19420C1ADD694500647CC9 /* Build configuration list for PBXNativeTarget "iEnigma" */ = {
			isa = XCConfigurationList;
			buildConfigurations = (
				7F19420D1ADD694500647CC9 /* Debug */,
				7F19420E1ADD694500647CC9 /* Release */,
			);
			defaultConfigurationIsVisible = 0;
			defaultConfigurationName = Release;
		};
		7F19420F1ADD694500647CC9 /* Build configuration list for PBXNativeTarget "iEnigmaTests" */ = {
			isa = XCConfigurationList;
			buildConfigurations = (
				7F1942101ADD694500647CC9 /* Debug */,
				7F1942111ADD694500647CC9 /* Release */,
			);
			defaultConfigurationIsVisible = 0;
			defaultConfigurationName = Release;
		};
/* End XCConfigurationList section */
	};
	rootObject = 7F1941E51ADD694500647CC9 /* Project object */;
}
